// !$*UTF8*$!
{
	archiveVersion = 1;
	classes = {
	};
	objectVersion = 51;
	objects = {

/* Begin PBXBuildFile section */
		4970AD64ACDD56E3729AB663 /* Pods_Markt.framework in Frameworks */ = {isa = PBXBuildFile; fileRef = 1B10721D191ED55C2DF93D58 /* Pods_Markt.framework */; };
		C50388ED24B63795004651BF /* CollectionTableViewCell.swift in Sources */ = {isa = PBXBuildFile; fileRef = C50388EB24B63795004651BF /* CollectionTableViewCell.swift */; };
		C50388EE24B63796004651BF /* CollectionTableViewCell.xib in Resources */ = {isa = PBXBuildFile; fileRef = C50388EC24B63795004651BF /* CollectionTableViewCell.xib */; };
		C506A4BB24AFB93800BB38B2 /* ShopCollectionViewController.swift in Sources */ = {isa = PBXBuildFile; fileRef = C506A4BA24AFB93800BB38B2 /* ShopCollectionViewController.swift */; };
		C51426C024A8CAA5002F58E6 /* ListingError.swift in Sources */ = {isa = PBXBuildFile; fileRef = C51426BF24A8CAA5002F58E6 /* ListingError.swift */; };
		C51426C224A90564002F58E6 /* ListingDetailViewController.swift in Sources */ = {isa = PBXBuildFile; fileRef = C51426C124A90564002F58E6 /* ListingDetailViewController.swift */; };
		C51426CA24AA9AFA002F58E6 /* ExtraSubclassDetailsViewController.swift in Sources */ = {isa = PBXBuildFile; fileRef = C51426C924AA9AFA002F58E6 /* ExtraSubclassDetailsViewController.swift */; };
		C52BD57924C202EE00C420FF /* InfoStringArrays.swift in Sources */ = {isa = PBXBuildFile; fileRef = C52BD57824C202EE00C420FF /* InfoStringArrays.swift */; };
		C52BD57B24C219EA00C420FF /* ListingDetail+Extensions.swift in Sources */ = {isa = PBXBuildFile; fileRef = C52BD57A24C219EA00C420FF /* ListingDetail+Extensions.swift */; };
		C52BD57D24C21DE600C420FF /* ExtraSubclassVC+Extensions.swift in Sources */ = {isa = PBXBuildFile; fileRef = C52BD57C24C21DE600C420FF /* ExtraSubclassVC+Extensions.swift */; };
		C535BF3B24AE372A00F85D8A /* CategoryCollectionViewCell.swift in Sources */ = {isa = PBXBuildFile; fileRef = C535BF3A24AE372A00F85D8A /* CategoryCollectionViewCell.swift */; };
		C54949D524904F2600B469F6 /* AppDelegate.swift in Sources */ = {isa = PBXBuildFile; fileRef = C54949D424904F2600B469F6 /* AppDelegate.swift */; };
		C54949D724904F2600B469F6 /* SceneDelegate.swift in Sources */ = {isa = PBXBuildFile; fileRef = C54949D624904F2600B469F6 /* SceneDelegate.swift */; };
		C54949DC24904F2600B469F6 /* Main.storyboard in Resources */ = {isa = PBXBuildFile; fileRef = C54949DA24904F2600B469F6 /* Main.storyboard */; };
		C54949DE24904F2E00B469F6 /* Assets.xcassets in Resources */ = {isa = PBXBuildFile; fileRef = C54949DD24904F2E00B469F6 /* Assets.xcassets */; };
		C54949E124904F2E00B469F6 /* LaunchScreen.storyboard in Resources */ = {isa = PBXBuildFile; fileRef = C54949DF24904F2E00B469F6 /* LaunchScreen.storyboard */; };
		C54949EA249050E700B469F6 /* User.swift in Sources */ = {isa = PBXBuildFile; fileRef = C54949E9249050E700B469F6 /* User.swift */; };
		C54949EE2490512500B469F6 /* Listing.swift in Sources */ = {isa = PBXBuildFile; fileRef = C54949ED2490512500B469F6 /* Listing.swift */; };
		C54949F0249051EB00B469F6 /* Market.storyboard in Resources */ = {isa = PBXBuildFile; fileRef = C54949EF249051EB00B469F6 /* Market.storyboard */; };
		C552676924BE625F00E964E8 /* ListingPrevCollectionViewCell.swift in Sources */ = {isa = PBXBuildFile; fileRef = C552676724BE625F00E964E8 /* ListingPrevCollectionViewCell.swift */; };
		C552676A24BE625F00E964E8 /* ListingPrevCollectionViewCell.xib in Resources */ = {isa = PBXBuildFile; fileRef = C552676824BE625F00E964E8 /* ListingPrevCollectionViewCell.xib */; };
		C55904F124A7AB0B0007916A /* ProfileViewController.swift in Sources */ = {isa = PBXBuildFile; fileRef = C55904F024A7AB0B0007916A /* ProfileViewController.swift */; };
		C55904F324A7DB820007916A /* StyleGuide.swift in Sources */ = {isa = PBXBuildFile; fileRef = C55904F224A7DB820007916A /* StyleGuide.swift */; };
		C55904F524A7E92A0007916A /* CreateListing.storyboard in Resources */ = {isa = PBXBuildFile; fileRef = C55904F424A7E92A0007916A /* CreateListing.storyboard */; };
		C55904F724A7E9C00007916A /* CreateListingViewController.swift in Sources */ = {isa = PBXBuildFile; fileRef = C55904F624A7E9C00007916A /* CreateListingViewController.swift */; };
		C559E9BA2492CE6300FF3AFB /* Messaging.storyboard in Resources */ = {isa = PBXBuildFile; fileRef = C559E9B92492CE6300FF3AFB /* Messaging.storyboard */; };
		C583BBD524BF5DFC0023E810 /* Extensions.swift in Sources */ = {isa = PBXBuildFile; fileRef = C583BBD424BF5DFC0023E810 /* Extensions.swift */; };
		C583BBD724BFBF9C0023E810 /* MoreSubcategoriesTableViewController.swift in Sources */ = {isa = PBXBuildFile; fileRef = C583BBD624BFBF9C0023E810 /* MoreSubcategoriesTableViewController.swift */; };
		C583BBD924BFF99E0023E810 /* MarketScrollsTableViewController.swift in Sources */ = {isa = PBXBuildFile; fileRef = C583BBD824BFF99E0023E810 /* MarketScrollsTableViewController.swift */; };
		C594CFEE24A40388007E832A /* ImageError.swift in Sources */ = {isa = PBXBuildFile; fileRef = C594CFED24A40388007E832A /* ImageError.swift */; };
		C594CFF024A40B27007E832A /* ListingController.swift in Sources */ = {isa = PBXBuildFile; fileRef = C594CFEF24A40B27007E832A /* ListingController.swift */; };
		C5BCD7DD24B3951D007B00F8 /* SettingsViewController.swift in Sources */ = {isa = PBXBuildFile; fileRef = C5BCD7DC24B3951D007B00F8 /* SettingsViewController.swift */; };
		C5BCD7DF24B3952B007B00F8 /* AboutViewController.swift in Sources */ = {isa = PBXBuildFile; fileRef = C5BCD7DE24B3952B007B00F8 /* AboutViewController.swift */; };
		C5BCD7E124B3953D007B00F8 /* SavedListingsViewController.swift in Sources */ = {isa = PBXBuildFile; fileRef = C5BCD7E024B3953D007B00F8 /* SavedListingsViewController.swift */; };
		C5BCD7E324B39BBB007B00F8 /* ClassCollectionViewCell.swift in Sources */ = {isa = PBXBuildFile; fileRef = C5BCD7E224B39BBB007B00F8 /* ClassCollectionViewCell.swift */; };
		C5BCD7E524B39BC5007B00F8 /* SubCategoryCollectionViewCell.swift in Sources */ = {isa = PBXBuildFile; fileRef = C5BCD7E424B39BC5007B00F8 /* SubCategoryCollectionViewCell.swift */; };
		C5D6A1E024AECDC000C79FB6 /* MarketDetails.storyboard in Resources */ = {isa = PBXBuildFile; fileRef = C5D6A1DF24AECDC000C79FB6 /* MarketDetails.storyboard */; };
		C5D6A1E224AECECA00C79FB6 /* FirstSubcategoryTableViewController.swift in Sources */ = {isa = PBXBuildFile; fileRef = C5D6A1E124AECECA00C79FB6 /* FirstSubcategoryTableViewController.swift */; };
		C5E2C92C24C4CE40009128E5 /* Profile.storyboard in Resources */ = {isa = PBXBuildFile; fileRef = C5E2C92B24C4CE40009128E5 /* Profile.storyboard */; };
		C5E2C92E24C4CE67009128E5 /* Settings.storyboard in Resources */ = {isa = PBXBuildFile; fileRef = C5E2C92D24C4CE67009128E5 /* Settings.storyboard */; };
		C5ED2B09249C445500BB6730 /* MarketViewController.swift in Sources */ = {isa = PBXBuildFile; fileRef = C5ED2B08249C445500BB6730 /* MarketViewController.swift */; };
		C5ED2B0B249D0BBB00BB6730 /* ContainerViewController.swift in Sources */ = {isa = PBXBuildFile; fileRef = C5ED2B0A249D0BBB00BB6730 /* ContainerViewController.swift */; };
		C5ED2B0D249D0BE800BB6730 /* SideMenuTableViewController.swift in Sources */ = {isa = PBXBuildFile; fileRef = C5ED2B0C249D0BE800BB6730 /* SideMenuTableViewController.swift */; };
		C5ED2B12249FF06200BB6730 /* UserController.swift in Sources */ = {isa = PBXBuildFile; fileRef = C5ED2B11249FF06200BB6730 /* UserController.swift */; };
		C5ED2B15249FF2B500BB6730 /* UserError.swift in Sources */ = {isa = PBXBuildFile; fileRef = C5ED2B14249FF2B500BB6730 /* UserError.swift */; };
		C5ED2B1724A29CC400BB6730 /* GoogleService-Info.plist in Resources */ = {isa = PBXBuildFile; fileRef = C5ED2B1624A29CC400BB6730 /* GoogleService-Info.plist */; };
		C5ED2B1A24A2A03E00BB6730 /* LaunchViewController.swift in Sources */ = {isa = PBXBuildFile; fileRef = C5ED2B1924A2A03E00BB6730 /* LaunchViewController.swift */; };
		C5ED2B1E24A2A07F00BB6730 /* WelcomeViewController.swift in Sources */ = {isa = PBXBuildFile; fileRef = C5ED2B1D24A2A07F00BB6730 /* WelcomeViewController.swift */; };
		C5ED2B2024A2A08B00BB6730 /* LoginViewController.swift in Sources */ = {isa = PBXBuildFile; fileRef = C5ED2B1F24A2A08B00BB6730 /* LoginViewController.swift */; };
		C5ED2B2224A2A09700BB6730 /* RegisterViewController.swift in Sources */ = {isa = PBXBuildFile; fileRef = C5ED2B2124A2A09700BB6730 /* RegisterViewController.swift */; };
		C5EE4E8124BB86230033E6BE /* ImageCollectionViewCell.swift in Sources */ = {isa = PBXBuildFile; fileRef = C5EE4E8024BB86230033E6BE /* ImageCollectionViewCell.swift */; };
		C5EE4E8324BBB6280033E6BE /* AlertService.swift in Sources */ = {isa = PBXBuildFile; fileRef = C5EE4E8224BBB6280033E6BE /* AlertService.swift */; };
		C5F3034B24B3F10B008FB049 /* ClassesTableViewController.swift in Sources */ = {isa = PBXBuildFile; fileRef = C5F3034A24B3F10B008FB049 /* ClassesTableViewController.swift */; };
/* End PBXBuildFile section */

/* Begin PBXFileReference section */
		1B10721D191ED55C2DF93D58 /* Pods_Markt.framework */ = {isa = PBXFileReference; explicitFileType = wrapper.framework; includeInIndex = 0; path = Pods_Markt.framework; sourceTree = BUILT_PRODUCTS_DIR; };
		36497F4227F2D9F559CF8CE7 /* Pods-Markt.debug.xcconfig */ = {isa = PBXFileReference; includeInIndex = 1; lastKnownFileType = text.xcconfig; name = "Pods-Markt.debug.xcconfig"; path = "Target Support Files/Pods-Markt/Pods-Markt.debug.xcconfig"; sourceTree = "<group>"; };
		77A4E3D36E4B9B48ED6E397D /* Pods-Markt.release.xcconfig */ = {isa = PBXFileReference; includeInIndex = 1; lastKnownFileType = text.xcconfig; name = "Pods-Markt.release.xcconfig"; path = "Target Support Files/Pods-Markt/Pods-Markt.release.xcconfig"; sourceTree = "<group>"; };
		C50388EB24B63795004651BF /* CollectionTableViewCell.swift */ = {isa = PBXFileReference; lastKnownFileType = sourcecode.swift; path = CollectionTableViewCell.swift; sourceTree = "<group>"; };
		C50388EC24B63795004651BF /* CollectionTableViewCell.xib */ = {isa = PBXFileReference; lastKnownFileType = file.xib; path = CollectionTableViewCell.xib; sourceTree = "<group>"; };
		C506A4BA24AFB93800BB38B2 /* ShopCollectionViewController.swift */ = {isa = PBXFileReference; lastKnownFileType = sourcecode.swift; path = ShopCollectionViewController.swift; sourceTree = "<group>"; };
		C51426BF24A8CAA5002F58E6 /* ListingError.swift */ = {isa = PBXFileReference; lastKnownFileType = sourcecode.swift; path = ListingError.swift; sourceTree = "<group>"; };
		C51426C124A90564002F58E6 /* ListingDetailViewController.swift */ = {isa = PBXFileReference; lastKnownFileType = sourcecode.swift; path = ListingDetailViewController.swift; sourceTree = "<group>"; };
		C51426C924AA9AFA002F58E6 /* ExtraSubclassDetailsViewController.swift */ = {isa = PBXFileReference; lastKnownFileType = sourcecode.swift; path = ExtraSubclassDetailsViewController.swift; sourceTree = "<group>"; };
		C52BD57824C202EE00C420FF /* InfoStringArrays.swift */ = {isa = PBXFileReference; lastKnownFileType = sourcecode.swift; path = InfoStringArrays.swift; sourceTree = "<group>"; };
		C52BD57A24C219EA00C420FF /* ListingDetail+Extensions.swift */ = {isa = PBXFileReference; lastKnownFileType = sourcecode.swift; path = "ListingDetail+Extensions.swift"; sourceTree = "<group>"; };
		C52BD57C24C21DE600C420FF /* ExtraSubclassVC+Extensions.swift */ = {isa = PBXFileReference; lastKnownFileType = sourcecode.swift; path = "ExtraSubclassVC+Extensions.swift"; sourceTree = "<group>"; };
		C535BF3A24AE372A00F85D8A /* CategoryCollectionViewCell.swift */ = {isa = PBXFileReference; lastKnownFileType = sourcecode.swift; path = CategoryCollectionViewCell.swift; sourceTree = "<group>"; };
		C54949D124904F2600B469F6 /* Markt.app */ = {isa = PBXFileReference; explicitFileType = wrapper.application; includeInIndex = 0; path = Markt.app; sourceTree = BUILT_PRODUCTS_DIR; };
		C54949D424904F2600B469F6 /* AppDelegate.swift */ = {isa = PBXFileReference; lastKnownFileType = sourcecode.swift; path = AppDelegate.swift; sourceTree = "<group>"; };
		C54949D624904F2600B469F6 /* SceneDelegate.swift */ = {isa = PBXFileReference; lastKnownFileType = sourcecode.swift; path = SceneDelegate.swift; sourceTree = "<group>"; };
		C54949DB24904F2600B469F6 /* Base */ = {isa = PBXFileReference; lastKnownFileType = file.storyboard; name = Base; path = Base.lproj/Main.storyboard; sourceTree = "<group>"; };
		C54949DD24904F2E00B469F6 /* Assets.xcassets */ = {isa = PBXFileReference; lastKnownFileType = folder.assetcatalog; path = Assets.xcassets; sourceTree = "<group>"; };
		C54949E024904F2E00B469F6 /* Base */ = {isa = PBXFileReference; lastKnownFileType = file.storyboard; name = Base; path = Base.lproj/LaunchScreen.storyboard; sourceTree = "<group>"; };
		C54949E224904F2E00B469F6 /* Info.plist */ = {isa = PBXFileReference; lastKnownFileType = text.plist.xml; path = Info.plist; sourceTree = "<group>"; };
		C54949E9249050E700B469F6 /* User.swift */ = {isa = PBXFileReference; lastKnownFileType = sourcecode.swift; path = User.swift; sourceTree = "<group>"; };
		C54949ED2490512500B469F6 /* Listing.swift */ = {isa = PBXFileReference; lastKnownFileType = sourcecode.swift; path = Listing.swift; sourceTree = "<group>"; };
		C54949EF249051EB00B469F6 /* Market.storyboard */ = {isa = PBXFileReference; lastKnownFileType = file.storyboard; path = Market.storyboard; sourceTree = "<group>"; };
		C552676724BE625F00E964E8 /* ListingPrevCollectionViewCell.swift */ = {isa = PBXFileReference; lastKnownFileType = sourcecode.swift; path = ListingPrevCollectionViewCell.swift; sourceTree = "<group>"; };
		C552676824BE625F00E964E8 /* ListingPrevCollectionViewCell.xib */ = {isa = PBXFileReference; lastKnownFileType = file.xib; path = ListingPrevCollectionViewCell.xib; sourceTree = "<group>"; };
		C55904F024A7AB0B0007916A /* ProfileViewController.swift */ = {isa = PBXFileReference; lastKnownFileType = sourcecode.swift; path = ProfileViewController.swift; sourceTree = "<group>"; };
		C55904F224A7DB820007916A /* StyleGuide.swift */ = {isa = PBXFileReference; lastKnownFileType = sourcecode.swift; path = StyleGuide.swift; sourceTree = "<group>"; };
		C55904F424A7E92A0007916A /* CreateListing.storyboard */ = {isa = PBXFileReference; lastKnownFileType = file.storyboard; path = CreateListing.storyboard; sourceTree = "<group>"; };
		C55904F624A7E9C00007916A /* CreateListingViewController.swift */ = {isa = PBXFileReference; lastKnownFileType = sourcecode.swift; path = CreateListingViewController.swift; sourceTree = "<group>"; };
		C559E9B92492CE6300FF3AFB /* Messaging.storyboard */ = {isa = PBXFileReference; fileEncoding = 4; lastKnownFileType = file.storyboard; path = Messaging.storyboard; sourceTree = "<group>"; };
		C583BBD424BF5DFC0023E810 /* Extensions.swift */ = {isa = PBXFileReference; lastKnownFileType = sourcecode.swift; path = Extensions.swift; sourceTree = "<group>"; };
		C583BBD624BFBF9C0023E810 /* MoreSubcategoriesTableViewController.swift */ = {isa = PBXFileReference; lastKnownFileType = sourcecode.swift; path = MoreSubcategoriesTableViewController.swift; sourceTree = "<group>"; };
		C583BBD824BFF99E0023E810 /* MarketScrollsTableViewController.swift */ = {isa = PBXFileReference; lastKnownFileType = sourcecode.swift; path = MarketScrollsTableViewController.swift; sourceTree = "<group>"; };
		C594CFED24A40388007E832A /* ImageError.swift */ = {isa = PBXFileReference; lastKnownFileType = sourcecode.swift; path = ImageError.swift; sourceTree = "<group>"; };
		C594CFEF24A40B27007E832A /* ListingController.swift */ = {isa = PBXFileReference; lastKnownFileType = sourcecode.swift; path = ListingController.swift; sourceTree = "<group>"; };
		C5BCD7DC24B3951D007B00F8 /* SettingsViewController.swift */ = {isa = PBXFileReference; lastKnownFileType = sourcecode.swift; path = SettingsViewController.swift; sourceTree = "<group>"; };
		C5BCD7DE24B3952B007B00F8 /* AboutViewController.swift */ = {isa = PBXFileReference; lastKnownFileType = sourcecode.swift; path = AboutViewController.swift; sourceTree = "<group>"; };
		C5BCD7E024B3953D007B00F8 /* SavedListingsViewController.swift */ = {isa = PBXFileReference; lastKnownFileType = sourcecode.swift; path = SavedListingsViewController.swift; sourceTree = "<group>"; };
		C5BCD7E224B39BBB007B00F8 /* ClassCollectionViewCell.swift */ = {isa = PBXFileReference; lastKnownFileType = sourcecode.swift; path = ClassCollectionViewCell.swift; sourceTree = "<group>"; };
		C5BCD7E424B39BC5007B00F8 /* SubCategoryCollectionViewCell.swift */ = {isa = PBXFileReference; lastKnownFileType = sourcecode.swift; path = SubCategoryCollectionViewCell.swift; sourceTree = "<group>"; };
		C5D6A1DF24AECDC000C79FB6 /* MarketDetails.storyboard */ = {isa = PBXFileReference; lastKnownFileType = file.storyboard; path = MarketDetails.storyboard; sourceTree = "<group>"; };
		C5D6A1E124AECECA00C79FB6 /* FirstSubcategoryTableViewController.swift */ = {isa = PBXFileReference; lastKnownFileType = sourcecode.swift; path = FirstSubcategoryTableViewController.swift; sourceTree = "<group>"; };
		C5E2C92B24C4CE40009128E5 /* Profile.storyboard */ = {isa = PBXFileReference; fileEncoding = 4; lastKnownFileType = file.storyboard; path = Profile.storyboard; sourceTree = "<group>"; };
		C5E2C92D24C4CE67009128E5 /* Settings.storyboard */ = {isa = PBXFileReference; fileEncoding = 4; lastKnownFileType = file.storyboard; path = Settings.storyboard; sourceTree = "<group>"; };
		C5ED2B08249C445500BB6730 /* MarketViewController.swift */ = {isa = PBXFileReference; lastKnownFileType = sourcecode.swift; path = MarketViewController.swift; sourceTree = "<group>"; };
		C5ED2B0A249D0BBB00BB6730 /* ContainerViewController.swift */ = {isa = PBXFileReference; lastKnownFileType = sourcecode.swift; path = ContainerViewController.swift; sourceTree = "<group>"; };
		C5ED2B0C249D0BE800BB6730 /* SideMenuTableViewController.swift */ = {isa = PBXFileReference; lastKnownFileType = sourcecode.swift; path = SideMenuTableViewController.swift; sourceTree = "<group>"; };
		C5ED2B11249FF06200BB6730 /* UserController.swift */ = {isa = PBXFileReference; lastKnownFileType = sourcecode.swift; path = UserController.swift; sourceTree = "<group>"; };
		C5ED2B14249FF2B500BB6730 /* UserError.swift */ = {isa = PBXFileReference; lastKnownFileType = sourcecode.swift; path = UserError.swift; sourceTree = "<group>"; };
		C5ED2B1624A29CC400BB6730 /* GoogleService-Info.plist */ = {isa = PBXFileReference; fileEncoding = 4; lastKnownFileType = text.plist.xml; path = "GoogleService-Info.plist"; sourceTree = "<group>"; };
		C5ED2B1924A2A03E00BB6730 /* LaunchViewController.swift */ = {isa = PBXFileReference; lastKnownFileType = sourcecode.swift; path = LaunchViewController.swift; sourceTree = "<group>"; };
		C5ED2B1D24A2A07F00BB6730 /* WelcomeViewController.swift */ = {isa = PBXFileReference; lastKnownFileType = sourcecode.swift; path = WelcomeViewController.swift; sourceTree = "<group>"; };
		C5ED2B1F24A2A08B00BB6730 /* LoginViewController.swift */ = {isa = PBXFileReference; lastKnownFileType = sourcecode.swift; path = LoginViewController.swift; sourceTree = "<group>"; };
		C5ED2B2124A2A09700BB6730 /* RegisterViewController.swift */ = {isa = PBXFileReference; lastKnownFileType = sourcecode.swift; path = RegisterViewController.swift; sourceTree = "<group>"; };
		C5EE4E8024BB86230033E6BE /* ImageCollectionViewCell.swift */ = {isa = PBXFileReference; lastKnownFileType = sourcecode.swift; path = ImageCollectionViewCell.swift; sourceTree = "<group>"; };
		C5EE4E8224BBB6280033E6BE /* AlertService.swift */ = {isa = PBXFileReference; lastKnownFileType = sourcecode.swift; path = AlertService.swift; sourceTree = "<group>"; };
		C5F3034A24B3F10B008FB049 /* ClassesTableViewController.swift */ = {isa = PBXFileReference; lastKnownFileType = sourcecode.swift; path = ClassesTableViewController.swift; sourceTree = "<group>"; };
/* End PBXFileReference section */

/* Begin PBXFrameworksBuildPhase section */
		C54949CE24904F2600B469F6 /* Frameworks */ = {
			isa = PBXFrameworksBuildPhase;
			buildActionMask = 2147483647;
			files = (
				4970AD64ACDD56E3729AB663 /* Pods_Markt.framework in Frameworks */,
			);
			runOnlyForDeploymentPostprocessing = 0;
		};
/* End PBXFrameworksBuildPhase section */

/* Begin PBXGroup section */
		C54949C824904F2600B469F6 = {
			isa = PBXGroup;
			children = (
				C54949D324904F2600B469F6 /* Markt */,
				C54949D224904F2600B469F6 /* Products */,
				EEAFE8C5F835D0CAC8598D69 /* Pods */,
				C5812DD985B1D7CB39163332 /* Frameworks */,
			);
			sourceTree = "<group>";
		};
		C54949D224904F2600B469F6 /* Products */ = {
			isa = PBXGroup;
			children = (
				C54949D124904F2600B469F6 /* Markt.app */,
			);
			name = Products;
			sourceTree = "<group>";
		};
		C54949D324904F2600B469F6 /* Markt */ = {
			isa = PBXGroup;
			children = (
				C5ED2B0E249D1FFF00BB6730 /* Views */,
				C5ED2B0F249D200C00BB6730 /* View Controllers */,
				C5ED2B10249D201400BB6730 /* Model */,
				C5ED2B13249FF07500BB6730 /* Model Controller */,
				C54949E824904F6600B469F6 /* Resources */,
				C5ED2B1824A29EEA00BB6730 /* Helpers & Extensions */,
			);
			path = Markt;
			sourceTree = "<group>";
		};
		C54949E824904F6600B469F6 /* Resources */ = {
			isa = PBXGroup;
			children = (
				C54949D424904F2600B469F6 /* AppDelegate.swift */,
				C54949D624904F2600B469F6 /* SceneDelegate.swift */,
				C5ED2B1624A29CC400BB6730 /* GoogleService-Info.plist */,
				C54949DD24904F2E00B469F6 /* Assets.xcassets */,
				C54949DF24904F2E00B469F6 /* LaunchScreen.storyboard */,
				C54949E224904F2E00B469F6 /* Info.plist */,
			);
			path = Resources;
			sourceTree = "<group>";
		};
		C55904F824A7E9C40007916A /* Create views */ = {
			isa = PBXGroup;
			children = (
				C55904F624A7E9C00007916A /* CreateListingViewController.swift */,
				C51426C124A90564002F58E6 /* ListingDetailViewController.swift */,
				C52BD57A24C219EA00C420FF /* ListingDetail+Extensions.swift */,
				C51426C924AA9AFA002F58E6 /* ExtraSubclassDetailsViewController.swift */,
				C52BD57C24C21DE600C420FF /* ExtraSubclassVC+Extensions.swift */,
			);
			path = "Create views";
			sourceTree = "<group>";
		};
		C5812DD985B1D7CB39163332 /* Frameworks */ = {
			isa = PBXGroup;
			children = (
				1B10721D191ED55C2DF93D58 /* Pods_Markt.framework */,
			);
			name = Frameworks;
			sourceTree = "<group>";
		};
		C5BCD7DA24B3622E007B00F8 /* Custom Cells */ = {
			isa = PBXGroup;
			children = (
				C50388EB24B63795004651BF /* CollectionTableViewCell.swift */,
				C50388EC24B63795004651BF /* CollectionTableViewCell.xib */,
				C552676724BE625F00E964E8 /* ListingPrevCollectionViewCell.swift */,
				C552676824BE625F00E964E8 /* ListingPrevCollectionViewCell.xib */,
				C535BF3A24AE372A00F85D8A /* CategoryCollectionViewCell.swift */,
				C5BCD7E224B39BBB007B00F8 /* ClassCollectionViewCell.swift */,
				C5BCD7E424B39BC5007B00F8 /* SubCategoryCollectionViewCell.swift */,
				C5EE4E8024BB86230033E6BE /* ImageCollectionViewCell.swift */,
			);
			path = "Custom Cells";
			sourceTree = "<group>";
		};
		C5BCD7DB24B394D6007B00F8 /* SideMenu Views */ = {
			isa = PBXGroup;
			children = (
				C5ED2B0C249D0BE800BB6730 /* SideMenuTableViewController.swift */,
				C55904F024A7AB0B0007916A /* ProfileViewController.swift */,
				C5BCD7DC24B3951D007B00F8 /* SettingsViewController.swift */,
				C5BCD7DE24B3952B007B00F8 /* AboutViewController.swift */,
				C5BCD7E024B3953D007B00F8 /* SavedListingsViewController.swift */,
			);
			path = "SideMenu Views";
			sourceTree = "<group>";
		};
		C5ED2B0E249D1FFF00BB6730 /* Views */ = {
			isa = PBXGroup;
			children = (
				C54949DA24904F2600B469F6 /* Main.storyboard */,
				C54949EF249051EB00B469F6 /* Market.storyboard */,
				C5E2C92D24C4CE67009128E5 /* Settings.storyboard */,
				C5E2C92B24C4CE40009128E5 /* Profile.storyboard */,
				C559E9B92492CE6300FF3AFB /* Messaging.storyboard */,
				C55904F424A7E92A0007916A /* CreateListing.storyboard */,
				C5D6A1DF24AECDC000C79FB6 /* MarketDetails.storyboard */,
			);
			path = Views;
			sourceTree = "<group>";
		};
		C5ED2B0F249D200C00BB6730 /* View Controllers */ = {
			isa = PBXGroup;
			children = (
				C5BCD7DA24B3622E007B00F8 /* Custom Cells */,
				C5BCD7DB24B394D6007B00F8 /* SideMenu Views */,
				C5ED2B1B24A2A04A00BB6730 /* Main views */,
				C5ED2B1C24A2A05600BB6730 /* Market views */,
				C55904F824A7E9C40007916A /* Create views */,
			);
			path = "View Controllers";
			sourceTree = "<group>";
		};
		C5ED2B10249D201400BB6730 /* Model */ = {
			isa = PBXGroup;
			children = (
				C54949E9249050E700B469F6 /* User.swift */,
				C54949ED2490512500B469F6 /* Listing.swift */,
			);
			path = Model;
			sourceTree = "<group>";
		};
		C5ED2B13249FF07500BB6730 /* Model Controller */ = {
			isa = PBXGroup;
			children = (
				C5ED2B11249FF06200BB6730 /* UserController.swift */,
				C594CFEF24A40B27007E832A /* ListingController.swift */,
			);
			path = "Model Controller";
			sourceTree = "<group>";
		};
		C5ED2B1824A29EEA00BB6730 /* Helpers & Extensions */ = {
			isa = PBXGroup;
			children = (
				C52BD57824C202EE00C420FF /* InfoStringArrays.swift */,
				C5ED2B14249FF2B500BB6730 /* UserError.swift */,
				C5EE4E8224BBB6280033E6BE /* AlertService.swift */,
				C594CFED24A40388007E832A /* ImageError.swift */,
				C51426BF24A8CAA5002F58E6 /* ListingError.swift */,
				C55904F224A7DB820007916A /* StyleGuide.swift */,
				C583BBD424BF5DFC0023E810 /* Extensions.swift */,
			);
			path = "Helpers & Extensions";
			sourceTree = "<group>";
		};
		C5ED2B1B24A2A04A00BB6730 /* Main views */ = {
			isa = PBXGroup;
			children = (
				C5ED2B1924A2A03E00BB6730 /* LaunchViewController.swift */,
				C5ED2B1D24A2A07F00BB6730 /* WelcomeViewController.swift */,
				C5ED2B1F24A2A08B00BB6730 /* LoginViewController.swift */,
				C5ED2B2124A2A09700BB6730 /* RegisterViewController.swift */,
			);
			path = "Main views";
			sourceTree = "<group>";
		};
		C5ED2B1C24A2A05600BB6730 /* Market views */ = {
			isa = PBXGroup;
			children = (
				C5ED2B0A249D0BBB00BB6730 /* ContainerViewController.swift */,
				C5D6A1E124AECECA00C79FB6 /* FirstSubcategoryTableViewController.swift */,
				C506A4BA24AFB93800BB38B2 /* ShopCollectionViewController.swift */,
				C5F3034A24B3F10B008FB049 /* ClassesTableViewController.swift */,
				C5ED2B08249C445500BB6730 /* MarketViewController.swift */,
				C583BBD824BFF99E0023E810 /* MarketScrollsTableViewController.swift */,
				C583BBD624BFBF9C0023E810 /* MoreSubcategoriesTableViewController.swift */,
			);
			path = "Market views";
			sourceTree = "<group>";
		};
		EEAFE8C5F835D0CAC8598D69 /* Pods */ = {
			isa = PBXGroup;
			children = (
				36497F4227F2D9F559CF8CE7 /* Pods-Markt.debug.xcconfig */,
				77A4E3D36E4B9B48ED6E397D /* Pods-Markt.release.xcconfig */,
			);
			path = Pods;
			sourceTree = "<group>";
		};
/* End PBXGroup section */

/* Begin PBXNativeTarget section */
		C54949D024904F2600B469F6 /* Markt */ = {
			isa = PBXNativeTarget;
			buildConfigurationList = C54949E524904F2E00B469F6 /* Build configuration list for PBXNativeTarget "Markt" */;
			buildPhases = (
				A2B65D657764FC52B90C1F95 /* [CP] Check Pods Manifest.lock */,
				C54949CD24904F2600B469F6 /* Sources */,
				C54949CE24904F2600B469F6 /* Frameworks */,
				C54949CF24904F2600B469F6 /* Resources */,
				D7ECE6CB4289B235A027A25F /* [CP] Embed Pods Frameworks */,
			);
			buildRules = (
			);
			dependencies = (
			);
			name = Markt;
			productName = Markt;
			productReference = C54949D124904F2600B469F6 /* Markt.app */;
			productType = "com.apple.product-type.application";
		};
/* End PBXNativeTarget section */

/* Begin PBXProject section */
		C54949C924904F2600B469F6 /* Project object */ = {
			isa = PBXProject;
			attributes = {
				LastSwiftUpdateCheck = 1140;
				LastUpgradeCheck = 1140;
				ORGANIZATIONNAME = "Jordan Furr";
				TargetAttributes = {
					C54949D024904F2600B469F6 = {
						CreatedOnToolsVersion = 11.4;
					};
				};
			};
			buildConfigurationList = C54949CC24904F2600B469F6 /* Build configuration list for PBXProject "Markt" */;
			compatibilityVersion = "Xcode 9.3";
			developmentRegion = en;
			hasScannedForEncodings = 0;
			knownRegions = (
				en,
				Base,
			);
			mainGroup = C54949C824904F2600B469F6;
			productRefGroup = C54949D224904F2600B469F6 /* Products */;
			projectDirPath = "";
			projectRoot = "";
			targets = (
				C54949D024904F2600B469F6 /* Markt */,
			);
		};
/* End PBXProject section */

/* Begin PBXResourcesBuildPhase section */
		C54949CF24904F2600B469F6 /* Resources */ = {
			isa = PBXResourcesBuildPhase;
			buildActionMask = 2147483647;
			files = (
				C54949F0249051EB00B469F6 /* Market.storyboard in Resources */,
				C5E2C92C24C4CE40009128E5 /* Profile.storyboard in Resources */,
				C5D6A1E024AECDC000C79FB6 /* MarketDetails.storyboard in Resources */,
				C5E2C92E24C4CE67009128E5 /* Settings.storyboard in Resources */,
				C54949E124904F2E00B469F6 /* LaunchScreen.storyboard in Resources */,
				C54949DE24904F2E00B469F6 /* Assets.xcassets in Resources */,
				C54949DC24904F2600B469F6 /* Main.storyboard in Resources */,
				C559E9BA2492CE6300FF3AFB /* Messaging.storyboard in Resources */,
				C5ED2B1724A29CC400BB6730 /* GoogleService-Info.plist in Resources */,
				C50388EE24B63796004651BF /* CollectionTableViewCell.xib in Resources */,
				C552676A24BE625F00E964E8 /* ListingPrevCollectionViewCell.xib in Resources */,
				C55904F524A7E92A0007916A /* CreateListing.storyboard in Resources */,
			);
			runOnlyForDeploymentPostprocessing = 0;
		};
/* End PBXResourcesBuildPhase section */

/* Begin PBXShellScriptBuildPhase section */
		A2B65D657764FC52B90C1F95 /* [CP] Check Pods Manifest.lock */ = {
			isa = PBXShellScriptBuildPhase;
			buildActionMask = 2147483647;
			files = (
			);
			inputFileListPaths = (
			);
			inputPaths = (
				"${PODS_PODFILE_DIR_PATH}/Podfile.lock",
				"${PODS_ROOT}/Manifest.lock",
			);
			name = "[CP] Check Pods Manifest.lock";
			outputFileListPaths = (
			);
			outputPaths = (
				"$(DERIVED_FILE_DIR)/Pods-Markt-checkManifestLockResult.txt",
			);
			runOnlyForDeploymentPostprocessing = 0;
			shellPath = /bin/sh;
			shellScript = "diff \"${PODS_PODFILE_DIR_PATH}/Podfile.lock\" \"${PODS_ROOT}/Manifest.lock\" > /dev/null\nif [ $? != 0 ] ; then\n    # print error to STDERR\n    echo \"error: The sandbox is not in sync with the Podfile.lock. Run 'pod install' or update your CocoaPods installation.\" >&2\n    exit 1\nfi\n# This output is used by Xcode 'outputs' to avoid re-running this script phase.\necho \"SUCCESS\" > \"${SCRIPT_OUTPUT_FILE_0}\"\n";
			showEnvVarsInLog = 0;
		};
		D7ECE6CB4289B235A027A25F /* [CP] Embed Pods Frameworks */ = {
			isa = PBXShellScriptBuildPhase;
			buildActionMask = 2147483647;
			files = (
			);
			inputFileListPaths = (
				"${PODS_ROOT}/Target Support Files/Pods-Markt/Pods-Markt-frameworks-${CONFIGURATION}-input-files.xcfilelist",
			);
			name = "[CP] Embed Pods Frameworks";
			outputFileListPaths = (
				"${PODS_ROOT}/Target Support Files/Pods-Markt/Pods-Markt-frameworks-${CONFIGURATION}-output-files.xcfilelist",
			);
			runOnlyForDeploymentPostprocessing = 0;
			shellPath = /bin/sh;
			shellScript = "\"${PODS_ROOT}/Target Support Files/Pods-Markt/Pods-Markt-frameworks.sh\"\n";
			showEnvVarsInLog = 0;
		};
/* End PBXShellScriptBuildPhase section */

/* Begin PBXSourcesBuildPhase section */
		C54949CD24904F2600B469F6 /* Sources */ = {
			isa = PBXSourcesBuildPhase;
			buildActionMask = 2147483647;
			files = (
				C55904F324A7DB820007916A /* StyleGuide.swift in Sources */,
				C5BCD7E524B39BC5007B00F8 /* SubCategoryCollectionViewCell.swift in Sources */,
				C5ED2B12249FF06200BB6730 /* UserController.swift in Sources */,
				C54949D524904F2600B469F6 /* AppDelegate.swift in Sources */,
				C5D6A1E224AECECA00C79FB6 /* FirstSubcategoryTableViewController.swift in Sources */,
				C552676924BE625F00E964E8 /* ListingPrevCollectionViewCell.swift in Sources */,
				C52BD57D24C21DE600C420FF /* ExtraSubclassVC+Extensions.swift in Sources */,
				C5ED2B15249FF2B500BB6730 /* UserError.swift in Sources */,
				C5ED2B0B249D0BBB00BB6730 /* ContainerViewController.swift in Sources */,
				C50388ED24B63795004651BF /* CollectionTableViewCell.swift in Sources */,
				C535BF3B24AE372A00F85D8A /* CategoryCollectionViewCell.swift in Sources */,
				C54949EE2490512500B469F6 /* Listing.swift in Sources */,
				C54949D724904F2600B469F6 /* SceneDelegate.swift in Sources */,
				C55904F124A7AB0B0007916A /* ProfileViewController.swift in Sources */,
				C5EE4E8124BB86230033E6BE /* ImageCollectionViewCell.swift in Sources */,
				C594CFEE24A40388007E832A /* ImageError.swift in Sources */,
				C51426C224A90564002F58E6 /* ListingDetailViewController.swift in Sources */,
				C51426CA24AA9AFA002F58E6 /* ExtraSubclassDetailsViewController.swift in Sources */,
				C5BCD7DF24B3952B007B00F8 /* AboutViewController.swift in Sources */,
				C5F3034B24B3F10B008FB049 /* ClassesTableViewController.swift in Sources */,
				C51426C024A8CAA5002F58E6 /* ListingError.swift in Sources */,
				C583BBD524BF5DFC0023E810 /* Extensions.swift in Sources */,
				C55904F724A7E9C00007916A /* CreateListingViewController.swift in Sources */,
				C5ED2B09249C445500BB6730 /* MarketViewController.swift in Sources */,
				C583BBD724BFBF9C0023E810 /* MoreSubcategoriesTableViewController.swift in Sources */,
				C5ED2B1A24A2A03E00BB6730 /* LaunchViewController.swift in Sources */,
				C5ED2B2224A2A09700BB6730 /* RegisterViewController.swift in Sources */,
				C5BCD7DD24B3951D007B00F8 /* SettingsViewController.swift in Sources */,
				C583BBD924BFF99E0023E810 /* MarketScrollsTableViewController.swift in Sources */,
				C52BD57924C202EE00C420FF /* InfoStringArrays.swift in Sources */,
				C506A4BB24AFB93800BB38B2 /* ShopCollectionViewController.swift in Sources */,
				C594CFF024A40B27007E832A /* ListingController.swift in Sources */,
				C5ED2B1E24A2A07F00BB6730 /* WelcomeViewController.swift in Sources */,
				C54949EA249050E700B469F6 /* User.swift in Sources */,
				C5BCD7E124B3953D007B00F8 /* SavedListingsViewController.swift in Sources */,
				C5EE4E8324BBB6280033E6BE /* AlertService.swift in Sources */,
				C52BD57B24C219EA00C420FF /* ListingDetail+Extensions.swift in Sources */,
				C5BCD7E324B39BBB007B00F8 /* ClassCollectionViewCell.swift in Sources */,
				C5ED2B2024A2A08B00BB6730 /* LoginViewController.swift in Sources */,
				C5ED2B0D249D0BE800BB6730 /* SideMenuTableViewController.swift in Sources */,
			);
			runOnlyForDeploymentPostprocessing = 0;
		};
/* End PBXSourcesBuildPhase section */

/* Begin PBXVariantGroup section */
		C54949DA24904F2600B469F6 /* Main.storyboard */ = {
			isa = PBXVariantGroup;
			children = (
				C54949DB24904F2600B469F6 /* Base */,
			);
			name = Main.storyboard;
			sourceTree = "<group>";
		};
		C54949DF24904F2E00B469F6 /* LaunchScreen.storyboard */ = {
			isa = PBXVariantGroup;
			children = (
				C54949E024904F2E00B469F6 /* Base */,
			);
			name = LaunchScreen.storyboard;
			sourceTree = "<group>";
		};
/* End PBXVariantGroup section */

/* Begin XCBuildConfiguration section */
		C54949E324904F2E00B469F6 /* Debug */ = {
			isa = XCBuildConfiguration;
			buildSettings = {
				ALWAYS_SEARCH_USER_PATHS = NO;
				CLANG_ANALYZER_NONNULL = YES;
				CLANG_ANALYZER_NUMBER_OBJECT_CONVERSION = YES_AGGRESSIVE;
				CLANG_CXX_LANGUAGE_STANDARD = "gnu++14";
				CLANG_CXX_LIBRARY = "libc++";
				CLANG_ENABLE_MODULES = YES;
				CLANG_ENABLE_OBJC_ARC = YES;
				CLANG_ENABLE_OBJC_WEAK = YES;
				CLANG_WARN_BLOCK_CAPTURE_AUTORELEASING = YES;
				CLANG_WARN_BOOL_CONVERSION = YES;
				CLANG_WARN_COMMA = YES;
				CLANG_WARN_CONSTANT_CONVERSION = YES;
				CLANG_WARN_DEPRECATED_OBJC_IMPLEMENTATIONS = YES;
				CLANG_WARN_DIRECT_OBJC_ISA_USAGE = YES_ERROR;
				CLANG_WARN_DOCUMENTATION_COMMENTS = YES;
				CLANG_WARN_EMPTY_BODY = YES;
				CLANG_WARN_ENUM_CONVERSION = YES;
				CLANG_WARN_INFINITE_RECURSION = YES;
				CLANG_WARN_INT_CONVERSION = YES;
				CLANG_WARN_NON_LITERAL_NULL_CONVERSION = YES;
				CLANG_WARN_OBJC_IMPLICIT_RETAIN_SELF = YES;
				CLANG_WARN_OBJC_LITERAL_CONVERSION = YES;
				CLANG_WARN_OBJC_ROOT_CLASS = YES_ERROR;
				CLANG_WARN_RANGE_LOOP_ANALYSIS = YES;
				CLANG_WARN_STRICT_PROTOTYPES = YES;
				CLANG_WARN_SUSPICIOUS_MOVE = YES;
				CLANG_WARN_UNGUARDED_AVAILABILITY = YES_AGGRESSIVE;
				CLANG_WARN_UNREACHABLE_CODE = YES;
				CLANG_WARN__DUPLICATE_METHOD_MATCH = YES;
				COPY_PHASE_STRIP = NO;
				DEBUG_INFORMATION_FORMAT = dwarf;
				ENABLE_STRICT_OBJC_MSGSEND = YES;
				ENABLE_TESTABILITY = YES;
				GCC_C_LANGUAGE_STANDARD = gnu11;
				GCC_DYNAMIC_NO_PIC = NO;
				GCC_NO_COMMON_BLOCKS = YES;
				GCC_OPTIMIZATION_LEVEL = 0;
				GCC_PREPROCESSOR_DEFINITIONS = (
					"DEBUG=1",
					"$(inherited)",
				);
				GCC_WARN_64_TO_32_BIT_CONVERSION = YES;
				GCC_WARN_ABOUT_RETURN_TYPE = YES_ERROR;
				GCC_WARN_UNDECLARED_SELECTOR = YES;
				GCC_WARN_UNINITIALIZED_AUTOS = YES_AGGRESSIVE;
				GCC_WARN_UNUSED_FUNCTION = YES;
				GCC_WARN_UNUSED_VARIABLE = YES;
				IPHONEOS_DEPLOYMENT_TARGET = 13.4;
				MTL_ENABLE_DEBUG_INFO = INCLUDE_SOURCE;
				MTL_FAST_MATH = YES;
				ONLY_ACTIVE_ARCH = YES;
				SDKROOT = iphoneos;
				SWIFT_ACTIVE_COMPILATION_CONDITIONS = DEBUG;
				SWIFT_OPTIMIZATION_LEVEL = "-Onone";
			};
			name = Debug;
		};
		C54949E424904F2E00B469F6 /* Release */ = {
			isa = XCBuildConfiguration;
			buildSettings = {
				ALWAYS_SEARCH_USER_PATHS = NO;
				CLANG_ANALYZER_NONNULL = YES;
				CLANG_ANALYZER_NUMBER_OBJECT_CONVERSION = YES_AGGRESSIVE;
				CLANG_CXX_LANGUAGE_STANDARD = "gnu++14";
				CLANG_CXX_LIBRARY = "libc++";
				CLANG_ENABLE_MODULES = YES;
				CLANG_ENABLE_OBJC_ARC = YES;
				CLANG_ENABLE_OBJC_WEAK = YES;
				CLANG_WARN_BLOCK_CAPTURE_AUTORELEASING = YES;
				CLANG_WARN_BOOL_CONVERSION = YES;
				CLANG_WARN_COMMA = YES;
				CLANG_WARN_CONSTANT_CONVERSION = YES;
				CLANG_WARN_DEPRECATED_OBJC_IMPLEMENTATIONS = YES;
				CLANG_WARN_DIRECT_OBJC_ISA_USAGE = YES_ERROR;
				CLANG_WARN_DOCUMENTATION_COMMENTS = YES;
				CLANG_WARN_EMPTY_BODY = YES;
				CLANG_WARN_ENUM_CONVERSION = YES;
				CLANG_WARN_INFINITE_RECURSION = YES;
				CLANG_WARN_INT_CONVERSION = YES;
				CLANG_WARN_NON_LITERAL_NULL_CONVERSION = YES;
				CLANG_WARN_OBJC_IMPLICIT_RETAIN_SELF = YES;
				CLANG_WARN_OBJC_LITERAL_CONVERSION = YES;
				CLANG_WARN_OBJC_ROOT_CLASS = YES_ERROR;
				CLANG_WARN_RANGE_LOOP_ANALYSIS = YES;
				CLANG_WARN_STRICT_PROTOTYPES = YES;
				CLANG_WARN_SUSPICIOUS_MOVE = YES;
				CLANG_WARN_UNGUARDED_AVAILABILITY = YES_AGGRESSIVE;
				CLANG_WARN_UNREACHABLE_CODE = YES;
				CLANG_WARN__DUPLICATE_METHOD_MATCH = YES;
				COPY_PHASE_STRIP = NO;
				DEBUG_INFORMATION_FORMAT = "dwarf-with-dsym";
				ENABLE_NS_ASSERTIONS = NO;
				ENABLE_STRICT_OBJC_MSGSEND = YES;
				GCC_C_LANGUAGE_STANDARD = gnu11;
				GCC_NO_COMMON_BLOCKS = YES;
				GCC_WARN_64_TO_32_BIT_CONVERSION = YES;
				GCC_WARN_ABOUT_RETURN_TYPE = YES_ERROR;
				GCC_WARN_UNDECLARED_SELECTOR = YES;
				GCC_WARN_UNINITIALIZED_AUTOS = YES_AGGRESSIVE;
				GCC_WARN_UNUSED_FUNCTION = YES;
				GCC_WARN_UNUSED_VARIABLE = YES;
				IPHONEOS_DEPLOYMENT_TARGET = 13.4;
				MTL_ENABLE_DEBUG_INFO = NO;
				MTL_FAST_MATH = YES;
				SDKROOT = iphoneos;
				SWIFT_COMPILATION_MODE = wholemodule;
				SWIFT_OPTIMIZATION_LEVEL = "-O";
				VALIDATE_PRODUCT = YES;
			};
			name = Release;
		};
		C54949E624904F2E00B469F6 /* Debug */ = {
			isa = XCBuildConfiguration;
			baseConfigurationReference = 36497F4227F2D9F559CF8CE7 /* Pods-Markt.debug.xcconfig */;
			buildSettings = {
				ASSETCATALOG_COMPILER_APPICON_NAME = AppIcon;
				CODE_SIGN_STYLE = Automatic;
				DEVELOPMENT_TEAM = 7V2Q4X6DAJ;
				INFOPLIST_FILE = Markt/Resources/Info.plist;
				LD_RUNPATH_SEARCH_PATHS = (
					"$(inherited)",
					"@executable_path/Frameworks",
				);
				PRODUCT_BUNDLE_IDENTIFIER = com.jordanfurr.Markt;
				PRODUCT_NAME = "$(TARGET_NAME)";
				SWIFT_VERSION = 5.0;
				TARGETED_DEVICE_FAMILY = "1,2";
			};
			name = Debug;
		};
		C54949E724904F2E00B469F6 /* Release */ = {
			isa = XCBuildConfiguration;
			baseConfigurationReference = 77A4E3D36E4B9B48ED6E397D /* Pods-Markt.release.xcconfig */;
			buildSettings = {
				ASSETCATALOG_COMPILER_APPICON_NAME = AppIcon;
				CODE_SIGN_STYLE = Automatic;
				DEVELOPMENT_TEAM = 7V2Q4X6DAJ;
				INFOPLIST_FILE = Markt/Resources/Info.plist;
				LD_RUNPATH_SEARCH_PATHS = (
					"$(inherited)",
					"@executable_path/Frameworks",
				);
				PRODUCT_BUNDLE_IDENTIFIER = com.jordanfurr.Markt;
				PRODUCT_NAME = "$(TARGET_NAME)";
				SWIFT_VERSION = 5.0;
				TARGETED_DEVICE_FAMILY = "1,2";
			};
			name = Release;
		};
/* End XCBuildConfiguration section */

/* Begin XCConfigurationList section */
		C54949CC24904F2600B469F6 /* Build configuration list for PBXProject "Markt" */ = {
			isa = XCConfigurationList;
			buildConfigurations = (
				C54949E324904F2E00B469F6 /* Debug */,
				C54949E424904F2E00B469F6 /* Release */,
			);
			defaultConfigurationIsVisible = 0;
			defaultConfigurationName = Release;
		};
		C54949E524904F2E00B469F6 /* Build configuration list for PBXNativeTarget "Markt" */ = {
			isa = XCConfigurationList;
			buildConfigurations = (
				C54949E624904F2E00B469F6 /* Debug */,
				C54949E724904F2E00B469F6 /* Release */,
			);
			defaultConfigurationIsVisible = 0;
			defaultConfigurationName = Release;
		};
/* End XCConfigurationList section */
	};
	rootObject = C54949C924904F2600B469F6 /* Project object */;
}
